
Microsoft Visual Studio Solution File, Format Version 12.00
# Visual Studio Version 17
VisualStudioVersion = 17.3.32811.315
MinimumVisualStudioVersion = 10.0.40219.1
Project("{FAE04EC0-301F-11D3-BF4B-00C04F79EFBC}") = "game life_WinForm", "game life_WinForm\game life_WinForm.csproj", "{89E41758-CE42-45CF-8C69-23B7771A5103}"
EndProject
Global
	GlobalSection(SolutionConfigurationPlatforms) = preSolution
		Debug|Any CPU = Debug|Any CPU
		Release|Any CPU = Release|Any CPU
	EndGlobalSection
	GlobalSection(ProjectConfigurationPlatforms) = postSolution
		{89E41758-CE42-45CF-8C69-23B7771A5103}.Debug|Any CPU.ActiveCfg = Debug|Any CPU
		{89E41758-CE42-45CF-8C69-23B7771A5103}.Debug|Any CPU.Build.0 = Debug|Any CPU
		{89E41758-CE42-45CF-8C69-23B7771A5103}.Release|Any CPU.ActiveCfg = Release|Any CPU
		{89E41758-CE42-45CF-8C69-23B7771A5103}.Release|Any CPU.Build.0 = Release|Any CPU
	EndGlobalSection
	GlobalSection(SolutionProperties) = preSolution
		HideSolutionNode = FALSE
	EndGlobalSection
	GlobalSection(ExtensibilityGlobals) = postSolution
		SolutionGuid = {0015E2CE-141A-4CBF-AC2B-030E5C0D79D1}
	EndGlobalSection
EndGlobal
